
Microsoft Visual Studio Solution File, Format Version 12.00
# Visual Studio Version 17
VisualStudioVersion = 17.11.35312.102
MinimumVisualStudioVersion = 10.0.40219.1
Project("{FAE04EC0-301F-11D3-BF4B-00C04F79EFBC}") = "24DH111693-Lab1b2", "24DH111693-Lab1b2\24DH111693-Lab1b2.csproj", "{60237390-B00E-4DCE-8B1D-CD5F2680CF11}"
EndProject
Global
	GlobalSection(SolutionConfigurationPlatforms) = preSolution
		Debug|Any CPU = Debug|Any CPU
		Release|Any CPU = Release|Any CPU
	EndGlobalSection
	GlobalSection(ProjectConfigurationPlatforms) = postSolution
		{60237390-B00E-4DCE-8B1D-CD5F2680CF11}.Debug|Any CPU.ActiveCfg = Debug|Any CPU
		{60237390-B00E-4DCE-8B1D-CD5F2680CF11}.Debug|Any CPU.Build.0 = Debug|Any CPU
		{60237390-B00E-4DCE-8B1D-CD5F2680CF11}.Release|Any CPU.ActiveCfg = Release|Any CPU
		{60237390-B00E-4DCE-8B1D-CD5F2680CF11}.Release|Any CPU.Build.0 = Release|Any CPU
	EndGlobalSection
	GlobalSection(SolutionProperties) = preSolution
		HideSolutionNode = FALSE
	EndGlobalSection
	GlobalSection(ExtensibilityGlobals) = postSolution
		SolutionGuid = {76E40C54-5E53-4DDD-AB6C-9BD2B35F1A6B}
	EndGlobalSection
EndGlobal
